
Microsoft Visual Studio Solution File, Format Version 12.00
# Visual Studio Version 16
VisualStudioVersion = 16.0.31005.135
MinimumVisualStudioVersion = 10.0.40219.1
Project("{FAE04EC0-301F-11D3-BF4B-00C04F79EFBC}") = "WPFTest", "WPFTest\WPFTest.csproj", "{D2E8D195-5A55-480D-ADF0-CB0197E59F6C}"
EndProject
Global
	GlobalSection(SolutionConfigurationPlatforms) = preSolution
		Debug|Any CPU = Debug|Any CPU
		Release|Any CPU = Release|Any CPU
	EndGlobalSection
	GlobalSection(ProjectConfigurationPlatforms) = postSolution
		{D2E8D195-5A55-480D-ADF0-CB0197E59F6C}.Debug|Any CPU.ActiveCfg = Debug|Any CPU
		{D2E8D195-5A55-480D-ADF0-CB0197E59F6C}.Debug|Any CPU.Build.0 = Debug|Any CPU
		{D2E8D195-5A55-480D-ADF0-CB0197E59F6C}.Release|Any CPU.ActiveCfg = Release|Any CPU
		{D2E8D195-5A55-480D-ADF0-CB0197E59F6C}.Release|Any CPU.Build.0 = Release|Any CPU
	EndGlobalSection
	GlobalSection(SolutionProperties) = preSolution
		HideSolutionNode = FALSE
	EndGlobalSection
	GlobalSection(ExtensibilityGlobals) = postSolution
		SolutionGuid = {2932C8BE-2C65-46E8-9B8F-42A06B84D6D1}
	EndGlobalSection
EndGlobal
